// !$*UTF8*$!
{
	archiveVersion = 1;
	classes = {
	};
	objectVersion = 46;
	objects = {

/* Begin PBXBuildFile section */
		C29407291A2C8E4E00AE0E9B /* AppDelegate.swift in Sources */ = {isa = PBXBuildFile; fileRef = C29407281A2C8E4E00AE0E9B /* AppDelegate.swift */; };
		C294072E1A2C8E4E00AE0E9B /* Main.storyboard in Resources */ = {isa = PBXBuildFile; fileRef = C294072C1A2C8E4E00AE0E9B /* Main.storyboard */; };
		C29407301A2C8E4E00AE0E9B /* Images.xcassets in Resources */ = {isa = PBXBuildFile; fileRef = C294072F1A2C8E4E00AE0E9B /* Images.xcassets */; };
		C29407331A2C8E4E00AE0E9B /* LaunchScreen.xib in Resources */ = {isa = PBXBuildFile; fileRef = C29407311A2C8E4E00AE0E9B /* LaunchScreen.xib */; };
		C294073F1A2C8E4E00AE0E9B /* SwiftCalendarTests.swift in Sources */ = {isa = PBXBuildFile; fileRef = C294073E1A2C8E4E00AE0E9B /* SwiftCalendarTests.swift */; };
		C2D3C1281A2C93D400A3A59C /* HorizontalCalendarViewController.swift in Sources */ = {isa = PBXBuildFile; fileRef = C2D3C1271A2C93D400A3A59C /* HorizontalCalendarViewController.swift */; };
		C2D3C12A1A2C93F700A3A59C /* VerticalCalendarViewController.swift in Sources */ = {isa = PBXBuildFile; fileRef = C2D3C1291A2C93F700A3A59C /* VerticalCalendarViewController.swift */; };
		C2D3C12C1A2C940D00A3A59C /* CustomCalendarViewController.swift in Sources */ = {isa = PBXBuildFile; fileRef = C2D3C12B1A2C940D00A3A59C /* CustomCalendarViewController.swift */; };
/* End PBXBuildFile section */

/* Begin PBXContainerItemProxy section */
		C29407391A2C8E4E00AE0E9B /* PBXContainerItemProxy */ = {
			isa = PBXContainerItemProxy;
			containerPortal = C294071B1A2C8E4D00AE0E9B /* Project object */;
			proxyType = 1;
			remoteGlobalIDString = C29407221A2C8E4D00AE0E9B;
			remoteInfo = SwiftCalendar;
		};
/* End PBXContainerItemProxy section */

/* Begin PBXFileReference section */
		C29407231A2C8E4E00AE0E9B /* SwiftCalendar.app */ = {isa = PBXFileReference; explicitFileType = wrapper.application; includeInIndex = 0; path = SwiftCalendar.app; sourceTree = BUILT_PRODUCTS_DIR; };
		C29407271A2C8E4E00AE0E9B /* Info.plist */ = {isa = PBXFileReference; lastKnownFileType = text.plist.xml; path = Info.plist; sourceTree = "<group>"; };
		C29407281A2C8E4E00AE0E9B /* AppDelegate.swift */ = {isa = PBXFileReference; lastKnownFileType = sourcecode.swift; path = AppDelegate.swift; sourceTree = "<group>"; };
		C294072D1A2C8E4E00AE0E9B /* Base */ = {isa = PBXFileReference; lastKnownFileType = file.storyboard; name = Base; path = Base.lproj/Main.storyboard; sourceTree = "<group>"; };
		C294072F1A2C8E4E00AE0E9B /* Images.xcassets */ = {isa = PBXFileReference; lastKnownFileType = folder.assetcatalog; path = Images.xcassets; sourceTree = "<group>"; };
		C29407321A2C8E4E00AE0E9B /* Base */ = {isa = PBXFileReference; lastKnownFileType = file.xib; name = Base; path = Base.lproj/LaunchScreen.xib; sourceTree = "<group>"; };
		C29407381A2C8E4E00AE0E9B /* SwiftCalendarTests.xctest */ = {isa = PBXFileReference; explicitFileType = wrapper.cfbundle; includeInIndex = 0; path = SwiftCalendarTests.xctest; sourceTree = BUILT_PRODUCTS_DIR; };
		C294073D1A2C8E4E00AE0E9B /* Info.plist */ = {isa = PBXFileReference; lastKnownFileType = text.plist.xml; path = Info.plist; sourceTree = "<group>"; };
		C294073E1A2C8E4E00AE0E9B /* SwiftCalendarTests.swift */ = {isa = PBXFileReference; lastKnownFileType = sourcecode.swift; path = SwiftCalendarTests.swift; sourceTree = "<group>"; };
		C2D3C1271A2C93D400A3A59C /* HorizontalCalendarViewController.swift */ = {isa = PBXFileReference; fileEncoding = 4; lastKnownFileType = sourcecode.swift; path = HorizontalCalendarViewController.swift; sourceTree = "<group>"; };
		C2D3C1291A2C93F700A3A59C /* VerticalCalendarViewController.swift */ = {isa = PBXFileReference; fileEncoding = 4; lastKnownFileType = sourcecode.swift; path = VerticalCalendarViewController.swift; sourceTree = "<group>"; };
		C2D3C12B1A2C940D00A3A59C /* CustomCalendarViewController.swift */ = {isa = PBXFileReference; fileEncoding = 4; lastKnownFileType = sourcecode.swift; path = CustomCalendarViewController.swift; sourceTree = "<group>"; };
/* End PBXFileReference section */

/* Begin PBXFrameworksBuildPhase section */
		C29407201A2C8E4D00AE0E9B /* Frameworks */ = {
			isa = PBXFrameworksBuildPhase;
			buildActionMask = 2147483647;
			files = (
			);
			runOnlyForDeploymentPostprocessing = 0;
		};
		C29407351A2C8E4E00AE0E9B /* Frameworks */ = {
			isa = PBXFrameworksBuildPhase;
			buildActionMask = 2147483647;
			files = (
			);
			runOnlyForDeploymentPostprocessing = 0;
		};
/* End PBXFrameworksBuildPhase section */

/* Begin PBXGroup section */
		C294071A1A2C8E4D00AE0E9B = {
			isa = PBXGroup;
			children = (
				C29407251A2C8E4E00AE0E9B /* SwiftCalendar */,
				C294073B1A2C8E4E00AE0E9B /* SwiftCalendarTests */,
				C29407241A2C8E4E00AE0E9B /* Products */,
			);
			sourceTree = "<group>";
		};
		C29407241A2C8E4E00AE0E9B /* Products */ = {
			isa = PBXGroup;
			children = (
				C29407231A2C8E4E00AE0E9B /* SwiftCalendar.app */,
				C29407381A2C8E4E00AE0E9B /* SwiftCalendarTests.xctest */,
			);
			name = Products;
			sourceTree = "<group>";
		};
		C29407251A2C8E4E00AE0E9B /* SwiftCalendar */ = {
			isa = PBXGroup;
			children = (
				C2D3C12D1A2C955700A3A59C /* ViewControllers */,
				C29407281A2C8E4E00AE0E9B /* AppDelegate.swift */,
				C294072C1A2C8E4E00AE0E9B /* Main.storyboard */,
				C294072F1A2C8E4E00AE0E9B /* Images.xcassets */,
				C29407311A2C8E4E00AE0E9B /* LaunchScreen.xib */,
				C29407261A2C8E4E00AE0E9B /* Supporting Files */,
			);
			path = SwiftCalendar;
			sourceTree = "<group>";
		};
		C29407261A2C8E4E00AE0E9B /* Supporting Files */ = {
			isa = PBXGroup;
			children = (
				C29407271A2C8E4E00AE0E9B /* Info.plist */,
			);
			name = "Supporting Files";
			sourceTree = "<group>";
		};
		C294073B1A2C8E4E00AE0E9B /* SwiftCalendarTests */ = {
			isa = PBXGroup;
			children = (
				C294073E1A2C8E4E00AE0E9B /* SwiftCalendarTests.swift */,
				C294073C1A2C8E4E00AE0E9B /* Supporting Files */,
			);
			path = SwiftCalendarTests;
			sourceTree = "<group>";
		};
		C294073C1A2C8E4E00AE0E9B /* Supporting Files */ = {
			isa = PBXGroup;
			children = (
				C294073D1A2C8E4E00AE0E9B /* Info.plist */,
			);
			name = "Supporting Files";
			sourceTree = "<group>";
		};
		C2D3C12D1A2C955700A3A59C /* ViewControllers */ = {
			isa = PBXGroup;
			children = (
				C2D3C1271A2C93D400A3A59C /* HorizontalCalendarViewController.swift */,
				C2D3C1291A2C93F700A3A59C /* VerticalCalendarViewController.swift */,
				C2D3C12B1A2C940D00A3A59C /* CustomCalendarViewController.swift */,
			);
			name = ViewControllers;
			sourceTree = "<group>";
		};
/* End PBXGroup section */

/* Begin PBXNativeTarget section */
		C29407221A2C8E4D00AE0E9B /* SwiftCalendar */ = {
			isa = PBXNativeTarget;
			buildConfigurationList = C29407421A2C8E4E00AE0E9B /* Build configuration list for PBXNativeTarget "SwiftCalendar" */;
			buildPhases = (
				C294071F1A2C8E4D00AE0E9B /* Sources */,
				C29407201A2C8E4D00AE0E9B /* Frameworks */,
				C29407211A2C8E4D00AE0E9B /* Resources */,
			);
			buildRules = (
			);
			dependencies = (
			);
			name = SwiftCalendar;
			productName = SwiftCalendar;
			productReference = C29407231A2C8E4E00AE0E9B /* SwiftCalendar.app */;
			productType = "com.apple.product-type.application";
		};
		C29407371A2C8E4E00AE0E9B /* SwiftCalendarTests */ = {
			isa = PBXNativeTarget;
			buildConfigurationList = C29407451A2C8E4E00AE0E9B /* Build configuration list for PBXNativeTarget "SwiftCalendarTests" */;
			buildPhases = (
				C29407341A2C8E4E00AE0E9B /* Sources */,
				C29407351A2C8E4E00AE0E9B /* Frameworks */,
				C29407361A2C8E4E00AE0E9B /* Resources */,
			);
			buildRules = (
			);
			dependencies = (
				C294073A1A2C8E4E00AE0E9B /* PBXTargetDependency */,
			);
			name = SwiftCalendarTests;
			productName = SwiftCalendarTests;
			productReference = C29407381A2C8E4E00AE0E9B /* SwiftCalendarTests.xctest */;
			productType = "com.apple.product-type.bundle.unit-test";
		};
/* End PBXNativeTarget section */

/* Begin PBXProject section */
		C294071B1A2C8E4D00AE0E9B /* Project object */ = {
			isa = PBXProject;
			attributes = {
				LastUpgradeCheck = 0610;
				ORGANIZATIONNAME = Owl;
				TargetAttributes = {
					C29407221A2C8E4D00AE0E9B = {
						CreatedOnToolsVersion = 6.1;
					};
					C29407371A2C8E4E00AE0E9B = {
						CreatedOnToolsVersion = 6.1;
						TestTargetID = C29407221A2C8E4D00AE0E9B;
					};
				};
			};
			buildConfigurationList = C294071E1A2C8E4D00AE0E9B /* Build configuration list for PBXProject "SwiftCalendar" */;
			compatibilityVersion = "Xcode 3.2";
			developmentRegion = English;
			hasScannedForEncodings = 0;
			knownRegions = (
				en,
				Base,
			);
			mainGroup = C294071A1A2C8E4D00AE0E9B;
			productRefGroup = C29407241A2C8E4E00AE0E9B /* Products */;
			projectDirPath = "";
			projectRoot = "";
			targets = (
				C29407221A2C8E4D00AE0E9B /* SwiftCalendar */,
				C29407371A2C8E4E00AE0E9B /* SwiftCalendarTests */,
			);
		};
/* End PBXProject section */

/* Begin PBXResourcesBuildPhase section */
		C29407211A2C8E4D00AE0E9B /* Resources */ = {
			isa = PBXResourcesBuildPhase;
			buildActionMask = 2147483647;
			files = (
				C294072E1A2C8E4E00AE0E9B /* Main.storyboard in Resources */,
				C29407331A2C8E4E00AE0E9B /* LaunchScreen.xib in Resources */,
				C29407301A2C8E4E00AE0E9B /* Images.xcassets in Resources */,
			);
			runOnlyForDeploymentPostprocessing = 0;
		};
		C29407361A2C8E4E00AE0E9B /* Resources */ = {
			isa = PBXResourcesBuildPhase;
			buildActionMask = 2147483647;
			files = (
			);
			runOnlyForDeploymentPostprocessing = 0;
		};
/* End PBXResourcesBuildPhase section */

/* Begin PBXSourcesBuildPhase section */
		C294071F1A2C8E4D00AE0E9B /* Sources */ = {
			isa = PBXSourcesBuildPhase;
			buildActionMask = 2147483647;
			files = (
				C2D3C1281A2C93D400A3A59C /* HorizontalCalendarViewController.swift in Sources */,
				C2D3C12C1A2C940D00A3A59C /* CustomCalendarViewController.swift in Sources */,
				C2D3C12A1A2C93F700A3A59C /* VerticalCalendarViewController.swift in Sources */,
				C29407291A2C8E4E00AE0E9B /* AppDelegate.swift in Sources */,
			);
			runOnlyForDeploymentPostprocessing = 0;
		};
		C29407341A2C8E4E00AE0E9B /* Sources */ = {
			isa = PBXSourcesBuildPhase;
			buildActionMask = 2147483647;
			files = (
				C294073F1A2C8E4E00AE0E9B /* SwiftCalendarTests.swift in Sources */,
			);
			runOnlyForDeploymentPostprocessing = 0;
		};
/* End PBXSourcesBuildPhase section */

/* Begin PBXTargetDependency section */
		C294073A1A2C8E4E00AE0E9B /* PBXTargetDependency */ = {
			isa = PBXTargetDependency;
			target = C29407221A2C8E4D00AE0E9B /* SwiftCalendar */;
			targetProxy = C29407391A2C8E4E00AE0E9B /* PBXContainerItemProxy */;
		};
/* End PBXTargetDependency section */

/* Begin PBXVariantGroup section */
		C294072C1A2C8E4E00AE0E9B /* Main.storyboard */ = {
			isa = PBXVariantGroup;
			children = (
				C294072D1A2C8E4E00AE0E9B /* Base */,
			);
			name = Main.storyboard;
			sourceTree = "<group>";
		};
		C29407311A2C8E4E00AE0E9B /* LaunchScreen.xib */ = {
			isa = PBXVariantGroup;
			children = (
				C29407321A2C8E4E00AE0E9B /* Base */,
			);
			name = LaunchScreen.xib;
			sourceTree = "<group>";
		};
/* End PBXVariantGroup section */

/* Begin XCBuildConfiguration section */
		C29407401A2C8E4E00AE0E9B /* Debug */ = {
			isa = XCBuildConfiguration;
			buildSettings = {
				ALWAYS_SEARCH_USER_PATHS = NO;
				CLANG_CXX_LANGUAGE_STANDARD = "gnu++0x";
				CLANG_CXX_LIBRARY = "libc++";
				CLANG_ENABLE_MODULES = YES;
				CLANG_ENABLE_OBJC_ARC = YES;
				CLANG_WARN_BOOL_CONVERSION = YES;
				CLANG_WARN_CONSTANT_CONVERSION = YES;
				CLANG_WARN_DIRECT_OBJC_ISA_USAGE = YES_ERROR;
				CLANG_WARN_EMPTY_BODY = YES;
				CLANG_WARN_ENUM_CONVERSION = YES;
				CLANG_WARN_INT_CONVERSION = YES;
				CLANG_WARN_OBJC_ROOT_CLASS = YES_ERROR;
				CLANG_WARN_UNREACHABLE_CODE = YES;
				CLANG_WARN__DUPLICATE_METHOD_MATCH = YES;
				"CODE_SIGN_IDENTITY[sdk=iphoneos*]" = "iPhone Developer";
				COPY_PHASE_STRIP = NO;
				ENABLE_STRICT_OBJC_MSGSEND = YES;
				GCC_C_LANGUAGE_STANDARD = gnu99;
				GCC_DYNAMIC_NO_PIC = NO;
				GCC_OPTIMIZATION_LEVEL = 0;
				GCC_PREPROCESSOR_DEFINITIONS = (
					"DEBUG=1",
					"$(inherited)",
				);
				GCC_SYMBOLS_PRIVATE_EXTERN = NO;
				GCC_WARN_64_TO_32_BIT_CONVERSION = YES;
				GCC_WARN_ABOUT_RETURN_TYPE = YES_ERROR;
				GCC_WARN_UNDECLARED_SELECTOR = YES;
				GCC_WARN_UNINITIALIZED_AUTOS = YES_AGGRESSIVE;
				GCC_WARN_UNUSED_FUNCTION = YES;
				GCC_WARN_UNUSED_VARIABLE = YES;
				IPHONEOS_DEPLOYMENT_TARGET = 8.1;
				MTL_ENABLE_DEBUG_INFO = YES;
				ONLY_ACTIVE_ARCH = YES;
				SDKROOT = iphoneos;
				SWIFT_OPTIMIZATION_LEVEL = "-Onone";
				TARGETED_DEVICE_FAMILY = "1,2";
			};
			name = Debug;
		};
		C29407411A2C8E4E00AE0E9B /* Release */ = {
			isa = XCBuildConfiguration;
			buildSettings = {
				ALWAYS_SEARCH_USER_PATHS = NO;
				CLANG_CXX_LANGUAGE_STANDARD = "gnu++0x";
				CLANG_CXX_LIBRARY = "libc++";
				CLANG_ENABLE_MODULES = YES;
				CLANG_ENABLE_OBJC_ARC = YES;
				CLANG_WARN_BOOL_CONVERSION = YES;
				CLANG_WARN_CONSTANT_CONVERSION = YES;
				CLANG_WARN_DIRECT_OBJC_ISA_USAGE = YES_ERROR;
				CLANG_WARN_EMPTY_BODY = YES;
				CLANG_WARN_ENUM_CONVERSION = YES;
				CLANG_WARN_INT_CONVERSION = YES;
				CLANG_WARN_OBJC_ROOT_CLASS = YES_ERROR;
				CLANG_WARN_UNREACHABLE_CODE = YES;
				CLANG_WARN__DUPLICATE_METHOD_MATCH = YES;
				"CODE_SIGN_IDENTITY[sdk=iphoneos*]" = "iPhone Developer";
				COPY_PHASE_STRIP = YES;
				ENABLE_NS_ASSERTIONS = NO;
				ENABLE_STRICT_OBJC_MSGSEND = YES;
				GCC_C_LANGUAGE_STANDARD = gnu99;
				GCC_WARN_64_TO_32_BIT_CONVERSION = YES;
				GCC_WARN_ABOUT_RETURN_TYPE = YES_ERROR;
				GCC_WARN_UNDECLARED_SELECTOR = YES;
				GCC_WARN_UNINITIALIZED_AUTOS = YES_AGGRESSIVE;
				GCC_WARN_UNUSED_FUNCTION = YES;
				GCC_WARN_UNUSED_VARIABLE = YES;
				IPHONEOS_DEPLOYMENT_TARGET = 8.1;
				MTL_ENABLE_DEBUG_INFO = NO;
				SDKROOT = iphoneos;
				TARGETED_DEVICE_FAMILY = "1,2";
				VALIDATE_PRODUCT = YES;
			};
			name = Release;
		};
		C29407431A2C8E4E00AE0E9B /* Debug */ = {
			isa = XCBuildConfiguration;
			buildSettings = {
				ASSETCATALOG_COMPILER_APPICON_NAME = AppIcon;
				INFOPLIST_FILE = SwiftCalendar/Info.plist;
				LD_RUNPATH_SEARCH_PATHS = "$(inherited) @executable_path/Frameworks";
				PRODUCT_NAME = "$(TARGET_NAME)";
			};
			name = Debug;
		};
		C29407441A2C8E4E00AE0E9B /* Release */ = {
			isa = XCBuildConfiguration;
			buildSettings = {
				ASSETCATALOG_COMPILER_APPICON_NAME = AppIcon;
				INFOPLIST_FILE = SwiftCalendar/Info.plist;
				LD_RUNPATH_SEARCH_PATHS = "$(inherited) @executable_path/Frameworks";
				PRODUCT_NAME = "$(TARGET_NAME)";
			};
			name = Release;
		};
		C29407461A2C8E4E00AE0E9B /* Debug */ = {
			isa = XCBuildConfiguration;
			buildSettings = {
				BUNDLE_LOADER = "$(TEST_HOST)";
				FRAMEWORK_SEARCH_PATHS = (
					"$(SDKROOT)/Developer/Library/Frameworks",
					"$(inherited)",
				);
				GCC_PREPROCESSOR_DEFINITIONS = (
					"DEBUG=1",
					"$(inherited)",
				);
				INFOPLIST_FILE = SwiftCalendarTests/Info.plist;
				LD_RUNPATH_SEARCH_PATHS = "$(inherited) @executable_path/Frameworks @loader_path/Frameworks";
				PRODUCT_NAME = "$(TARGET_NAME)";
				TEST_HOST = "$(BUILT_PRODUCTS_DIR)/SwiftCalendar.app/SwiftCalendar";
			};
			name = Debug;
		};
		C29407471A2C8E4E00AE0E9B /* Release */ = {
			isa = XCBuildConfiguration;
			buildSettings = {
				BUNDLE_LOADER = "$(TEST_HOST)";
				FRAMEWORK_SEARCH_PATHS = (
					"$(SDKROOT)/Developer/Library/Frameworks",
					"$(inherited)",
				);
				INFOPLIST_FILE = SwiftCalendarTests/Info.plist;
				LD_RUNPATH_SEARCH_PATHS = "$(inherited) @executable_path/Frameworks @loader_path/Frameworks";
				PRODUCT_NAME = "$(TARGET_NAME)";
				TEST_HOST = "$(BUILT_PRODUCTS_DIR)/SwiftCalendar.app/SwiftCalendar";
			};
			name = Release;
		};
/* End XCBuildConfiguration section */

/* Begin XCConfigurationList section */
		C294071E1A2C8E4D00AE0E9B /* Build configuration list for PBXProject "SwiftCalendar" */ = {
			isa = XCConfigurationList;
			buildConfigurations = (
				C29407401A2C8E4E00AE0E9B /* Debug */,
				C29407411A2C8E4E00AE0E9B /* Release */,
			);
			defaultConfigurationIsVisible = 0;
			defaultConfigurationName = Release;
		};
		C29407421A2C8E4E00AE0E9B /* Build configuration list for PBXNativeTarget "SwiftCalendar" */ = {
			isa = XCConfigurationList;
			buildConfigurations = (
				C29407431A2C8E4E00AE0E9B /* Debug */,
				C29407441A2C8E4E00AE0E9B /* Release */,
			);
			defaultConfigurationIsVisible = 0;
			defaultConfigurationName = Release;
		};
		C29407451A2C8E4E00AE0E9B /* Build configuration list for PBXNativeTarget "SwiftCalendarTests" */ = {
			isa = XCConfigurationList;
			buildConfigurations = (
				C29407461A2C8E4E00AE0E9B /* Debug */,
				C29407471A2C8E4E00AE0E9B /* Release */,
			);
			defaultConfigurationIsVisible = 0;
			defaultConfigurationName = Release;
		};
/* End XCConfigurationList section */
	};
	rootObject = C294071B1A2C8E4D00AE0E9B /* Project object */;
}
